// !$*UTF8*$!
{
	archiveVersion = 1;
	classes = {
	};
	objectVersion = 46;
	objects = {

/* Begin PBXBuildFile section */
		15C39AAC19BEFE9F00985A9F /* Foundation.framework in Frameworks */ = {isa = PBXBuildFile; fileRef = 15C39AAB19BEFE9F00985A9F /* Foundation.framework */; };
		15C39AAE19BEFE9F00985A9F /* CoreGraphics.framework in Frameworks */ = {isa = PBXBuildFile; fileRef = 15C39AAD19BEFE9F00985A9F /* CoreGraphics.framework */; };
		15C39AB019BEFE9F00985A9F /* UIKit.framework in Frameworks */ = {isa = PBXBuildFile; fileRef = 15C39AAF19BEFE9F00985A9F /* UIKit.framework */; };
		15C39AB619BEFE9F00985A9F /* InfoPlist.strings in Resources */ = {isa = PBXBuildFile; fileRef = 15C39AB419BEFE9F00985A9F /* InfoPlist.strings */; };
		15C39AB819BEFE9F00985A9F /* main.m in Sources */ = {isa = PBXBuildFile; fileRef = 15C39AB719BEFE9F00985A9F /* main.m */; };
		15C39ABC19BEFE9F00985A9F /* PSAppDelegate.m in Sources */ = {isa = PBXBuildFile; fileRef = 15C39ABB19BEFE9F00985A9F /* PSAppDelegate.m */; };
		15C39ABE19BEFE9F00985A9F /* Images.xcassets in Resources */ = {isa = PBXBuildFile; fileRef = 15C39ABD19BEFE9F00985A9F /* Images.xcassets */; };
		15C39AE019BF002300985A9F /* libOKSdk.a in Frameworks */ = {isa = PBXBuildFile; fileRef = 15C39ADF19BF001300985A9F /* libOKSdk.a */; };
		6C9E85BCD2A5ABC3D5ADAB80 /* PSLoginController.m in Sources */ = {isa = PBXBuildFile; fileRef = 6C9E8A629FB229C7A42B66BC /* PSLoginController.m */; };
		6C9E8D0442A571357BE828F6 /* PSPostViewController.m in Sources */ = {isa = PBXBuildFile; fileRef = 6C9E882739C43A17B1982CE6 /* PSPostViewController.m */; };
/* End PBXBuildFile section */

/* Begin PBXContainerItemProxy section */
		15C39ADE19BF001300985A9F /* PBXContainerItemProxy */ = {
			isa = PBXContainerItemProxy;
			containerPortal = 15C39ADA19BF001300985A9F /* OKSdk.xcodeproj */;
			proxyType = 2;
			remoteGlobalIDString = 15C39A1419BDCDC600985A9F;
			remoteInfo = OKSdk;
		};
/* End PBXContainerItemProxy section */

/* Begin PBXFileReference section */
		15C39AA819BEFE9F00985A9F /* PostSample.app */ = {isa = PBXFileReference; explicitFileType = wrapper.application; includeInIndex = 0; path = PostSample.app; sourceTree = BUILT_PRODUCTS_DIR; };
		15C39AAB19BEFE9F00985A9F /* Foundation.framework */ = {isa = PBXFileReference; lastKnownFileType = wrapper.framework; name = Foundation.framework; path = System/Library/Frameworks/Foundation.framework; sourceTree = SDKROOT; };
		15C39AAD19BEFE9F00985A9F /* CoreGraphics.framework */ = {isa = PBXFileReference; lastKnownFileType = wrapper.framework; name = CoreGraphics.framework; path = System/Library/Frameworks/CoreGraphics.framework; sourceTree = SDKROOT; };
		15C39AAF19BEFE9F00985A9F /* UIKit.framework */ = {isa = PBXFileReference; lastKnownFileType = wrapper.framework; name = UIKit.framework; path = System/Library/Frameworks/UIKit.framework; sourceTree = SDKROOT; };
		15C39AB319BEFE9F00985A9F /* PostSample-Info.plist */ = {isa = PBXFileReference; lastKnownFileType = text.plist.xml; path = "PostSample-Info.plist"; sourceTree = "<group>"; };
		15C39AB519BEFE9F00985A9F /* en */ = {isa = PBXFileReference; lastKnownFileType = text.plist.strings; name = en; path = en.lproj/InfoPlist.strings; sourceTree = "<group>"; };
		15C39AB719BEFE9F00985A9F /* main.m */ = {isa = PBXFileReference; lastKnownFileType = sourcecode.c.objc; path = main.m; sourceTree = "<group>"; };
		15C39AB919BEFE9F00985A9F /* PostSample-Prefix.pch */ = {isa = PBXFileReference; lastKnownFileType = sourcecode.c.h; path = "PostSample-Prefix.pch"; sourceTree = "<group>"; };
		15C39ABA19BEFE9F00985A9F /* PSAppDelegate.h */ = {isa = PBXFileReference; lastKnownFileType = sourcecode.c.h; path = PSAppDelegate.h; sourceTree = "<group>"; };
		15C39ABB19BEFE9F00985A9F /* PSAppDelegate.m */ = {isa = PBXFileReference; lastKnownFileType = sourcecode.c.objc; path = PSAppDelegate.m; sourceTree = "<group>"; };
		15C39ABD19BEFE9F00985A9F /* Images.xcassets */ = {isa = PBXFileReference; lastKnownFileType = folder.assetcatalog; path = Images.xcassets; sourceTree = "<group>"; };
		15C39AC419BEFE9F00985A9F /* XCTest.framework */ = {isa = PBXFileReference; lastKnownFileType = wrapper.framework; name = XCTest.framework; path = Library/Frameworks/XCTest.framework; sourceTree = DEVELOPER_DIR; };
		15C39ADA19BF001300985A9F /* OKSdk.xcodeproj */ = {isa = PBXFileReference; lastKnownFileType = "wrapper.pb-project"; name = OKSdk.xcodeproj; path = ../../OKSdk/OKSdk.xcodeproj; sourceTree = "<group>"; };
		6C9E862C2CA97BA488F14D09 /* PSPostViewController.h */ = {isa = PBXFileReference; fileEncoding = 4; lastKnownFileType = sourcecode.c.h; path = PSPostViewController.h; sourceTree = "<group>"; };
		6C9E882739C43A17B1982CE6 /* PSPostViewController.m */ = {isa = PBXFileReference; fileEncoding = 4; lastKnownFileType = sourcecode.c.objc; path = PSPostViewController.m; sourceTree = "<group>"; };
		6C9E8A629FB229C7A42B66BC /* PSLoginController.m */ = {isa = PBXFileReference; fileEncoding = 4; lastKnownFileType = sourcecode.c.objc; path = PSLoginController.m; sourceTree = "<group>"; };
		6C9E8FC3F42FD1CC5F135D34 /* PSLoginController.h */ = {isa = PBXFileReference; fileEncoding = 4; lastKnownFileType = sourcecode.c.h; path = PSLoginController.h; sourceTree = "<group>"; };
/* End PBXFileReference section */

/* Begin PBXFrameworksBuildPhase section */
		15C39AA519BEFE9F00985A9F /* Frameworks */ = {
			isa = PBXFrameworksBuildPhase;
			buildActionMask = 2147483647;
			files = (
				15C39AE019BF002300985A9F /* libOKSdk.a in Frameworks */,
				15C39AAE19BEFE9F00985A9F /* CoreGraphics.framework in Frameworks */,
				15C39AB019BEFE9F00985A9F /* UIKit.framework in Frameworks */,
				15C39AAC19BEFE9F00985A9F /* Foundation.framework in Frameworks */,
			);
			runOnlyForDeploymentPostprocessing = 0;
		};
/* End PBXFrameworksBuildPhase section */

/* Begin PBXGroup section */
		15C39A9F19BEFE9F00985A9F = {
			isa = PBXGroup;
			children = (
				15C39ADA19BF001300985A9F /* OKSdk.xcodeproj */,
				15C39AB119BEFE9F00985A9F /* PostSample */,
				15C39AAA19BEFE9F00985A9F /* Frameworks */,
				15C39AA919BEFE9F00985A9F /* Products */,
			);
			sourceTree = "<group>";
		};
		15C39AA919BEFE9F00985A9F /* Products */ = {
			isa = PBXGroup;
			children = (
				15C39AA819BEFE9F00985A9F /* PostSample.app */,
			);
			name = Products;
			sourceTree = "<group>";
		};
		15C39AAA19BEFE9F00985A9F /* Frameworks */ = {
			isa = PBXGroup;
			children = (
				15C39AAB19BEFE9F00985A9F /* Foundation.framework */,
				15C39AAD19BEFE9F00985A9F /* CoreGraphics.framework */,
				15C39AAF19BEFE9F00985A9F /* UIKit.framework */,
				15C39AC419BEFE9F00985A9F /* XCTest.framework */,
			);
			name = Frameworks;
			sourceTree = "<group>";
		};
		15C39AB119BEFE9F00985A9F /* PostSample */ = {
			isa = PBXGroup;
			children = (
				15C39ABA19BEFE9F00985A9F /* PSAppDelegate.h */,
				15C39ABB19BEFE9F00985A9F /* PSAppDelegate.m */,
				15C39ABD19BEFE9F00985A9F /* Images.xcassets */,
				15C39AB219BEFE9F00985A9F /* Supporting Files */,
				6C9E8A629FB229C7A42B66BC /* PSLoginController.m */,
				6C9E8FC3F42FD1CC5F135D34 /* PSLoginController.h */,
				6C9E882739C43A17B1982CE6 /* PSPostViewController.m */,
				6C9E862C2CA97BA488F14D09 /* PSPostViewController.h */,
			);
			path = PostSample;
			sourceTree = "<group>";
		};
		15C39AB219BEFE9F00985A9F /* Supporting Files */ = {
			isa = PBXGroup;
			children = (
				15C39AB319BEFE9F00985A9F /* PostSample-Info.plist */,
				15C39AB419BEFE9F00985A9F /* InfoPlist.strings */,
				15C39AB719BEFE9F00985A9F /* main.m */,
				15C39AB919BEFE9F00985A9F /* PostSample-Prefix.pch */,
			);
			name = "Supporting Files";
			sourceTree = "<group>";
		};
		15C39ADB19BF001300985A9F /* Products */ = {
			isa = PBXGroup;
			children = (
				15C39ADF19BF001300985A9F /* libOKSdk.a */,
			);
			name = Products;
			sourceTree = "<group>";
		};
/* End PBXGroup section */

/* Begin PBXNativeTarget section */
		15C39AA719BEFE9F00985A9F /* PostSample */ = {
			isa = PBXNativeTarget;
			buildConfigurationList = 15C39AD419BEFE9F00985A9F /* Build configuration list for PBXNativeTarget "PostSample" */;
			buildPhases = (
				15C39AA419BEFE9F00985A9F /* Sources */,
				15C39AA519BEFE9F00985A9F /* Frameworks */,
				15C39AA619BEFE9F00985A9F /* Resources */,
			);
			buildRules = (
			);
			dependencies = (
			);
			name = PostSample;
			productName = PostSample;
			productReference = 15C39AA819BEFE9F00985A9F /* PostSample.app */;
			productType = "com.apple.product-type.application";
		};
/* End PBXNativeTarget section */

/* Begin PBXProject section */
		15C39AA019BEFE9F00985A9F /* Project object */ = {
			isa = PBXProject;
			attributes = {
				CLASSPREFIX = PS;
				LastUpgradeCheck = 0510;
				ORGANIZATIONNAME = Odnoklassniki;
			};
			buildConfigurationList = 15C39AA319BEFE9F00985A9F /* Build configuration list for PBXProject "PostSample" */;
			compatibilityVersion = "Xcode 3.2";
			developmentRegion = English;
			hasScannedForEncodings = 0;
			knownRegions = (
				en,
			);
			mainGroup = 15C39A9F19BEFE9F00985A9F;
			productRefGroup = 15C39AA919BEFE9F00985A9F /* Products */;
			projectDirPath = "";
			projectReferences = (
				{
					ProductGroup = 15C39ADB19BF001300985A9F /* Products */;
					ProjectRef = 15C39ADA19BF001300985A9F /* OKSdk.xcodeproj */;
				},
			);
			projectRoot = "";
			targets = (
				15C39AA719BEFE9F00985A9F /* PostSample */,
			);
		};
/* End PBXProject section */

/* Begin PBXReferenceProxy section */
		15C39ADF19BF001300985A9F /* libOKSdk.a */ = {
			isa = PBXReferenceProxy;
			fileType = archive.ar;
			path = libOKSdk.a;
			remoteRef = 15C39ADE19BF001300985A9F /* PBXContainerItemProxy */;
			sourceTree = BUILT_PRODUCTS_DIR;
		};
/* End PBXReferenceProxy section */

/* Begin PBXResourcesBuildPhase section */
		15C39AA619BEFE9F00985A9F /* Resources */ = {
			isa = PBXResourcesBuildPhase;
			buildActionMask = 2147483647;
			files = (
				15C39AB619BEFE9F00985A9F /* InfoPlist.strings in Resources */,
				15C39ABE19BEFE9F00985A9F /* Images.xcassets in Resources */,
			);
			runOnlyForDeploymentPostprocessing = 0;
		};
/* End PBXResourcesBuildPhase section */

/* Begin PBXSourcesBuildPhase section */
		15C39AA419BEFE9F00985A9F /* Sources */ = {
			isa = PBXSourcesBuildPhase;
			buildActionMask = 2147483647;
			files = (
				15C39AB819BEFE9F00985A9F /* main.m in Sources */,
				15C39ABC19BEFE9F00985A9F /* PSAppDelegate.m in Sources */,
				6C9E85BCD2A5ABC3D5ADAB80 /* PSLoginController.m in Sources */,
				6C9E8D0442A571357BE828F6 /* PSPostViewController.m in Sources */,
			);
			runOnlyForDeploymentPostprocessing = 0;
		};
/* End PBXSourcesBuildPhase section */

/* Begin PBXVariantGroup section */
		15C39AB419BEFE9F00985A9F /* InfoPlist.strings */ = {
			isa = PBXVariantGroup;
			children = (
				15C39AB519BEFE9F00985A9F /* en */,
			);
			name = InfoPlist.strings;
			sourceTree = "<group>";
		};
/* End PBXVariantGroup section */

/* Begin XCBuildConfiguration section */
		15C39AD219BEFE9F00985A9F /* Debug */ = {
			isa = XCBuildConfiguration;
			buildSettings = {
				ALWAYS_SEARCH_USER_PATHS = NO;
				CLANG_CXX_LANGUAGE_STANDARD = "gnu++0x";
				CLANG_CXX_LIBRARY = "libc++";
				CLANG_ENABLE_MODULES = YES;
				CLANG_ENABLE_OBJC_ARC = YES;
				CLANG_WARN_BOOL_CONVERSION = YES;
				CLANG_WARN_CONSTANT_CONVERSION = YES;
				CLANG_WARN_DIRECT_OBJC_ISA_USAGE = YES_ERROR;
				CLANG_WARN_EMPTY_BODY = YES;
				CLANG_WARN_ENUM_CONVERSION = YES;
				CLANG_WARN_INT_CONVERSION = YES;
				CLANG_WARN_OBJC_ROOT_CLASS = YES_ERROR;
				CLANG_WARN__DUPLICATE_METHOD_MATCH = YES;
				"CODE_SIGN_IDENTITY[sdk=iphoneos*]" = "iPhone Developer";
				COPY_PHASE_STRIP = NO;
				GCC_C_LANGUAGE_STANDARD = gnu99;
				GCC_DYNAMIC_NO_PIC = NO;
				GCC_OPTIMIZATION_LEVEL = 0;
				GCC_PREPROCESSOR_DEFINITIONS = (
					"DEBUG=1",
					"$(inherited)",
				);
				GCC_SYMBOLS_PRIVATE_EXTERN = NO;
				GCC_WARN_64_TO_32_BIT_CONVERSION = YES;
				GCC_WARN_ABOUT_RETURN_TYPE = YES_ERROR;
				GCC_WARN_UNDECLARED_SELECTOR = YES;
				GCC_WARN_UNINITIALIZED_AUTOS = YES_AGGRESSIVE;
				GCC_WARN_UNUSED_FUNCTION = YES;
				GCC_WARN_UNUSED_VARIABLE = YES;
				IPHONEOS_DEPLOYMENT_TARGET = 7.1;
				ONLY_ACTIVE_ARCH = YES;
				SDKROOT = iphoneos;
				TARGETED_DEVICE_FAMILY = "1,2";
			};
			name = Debug;
		};
		15C39AD319BEFE9F00985A9F /* Release */ = {
			isa = XCBuildConfiguration;
			buildSettings = {
				ALWAYS_SEARCH_USER_PATHS = NO;
				CLANG_CXX_LANGUAGE_STANDARD = "gnu++0x";
				CLANG_CXX_LIBRARY = "libc++";
				CLANG_ENABLE_MODULES = YES;
				CLANG_ENABLE_OBJC_ARC = YES;
				CLANG_WARN_BOOL_CONVERSION = YES;
				CLANG_WARN_CONSTANT_CONVERSION = YES;
				CLANG_WARN_DIRECT_OBJC_ISA_USAGE = YES_ERROR;
				CLANG_WARN_EMPTY_BODY = YES;
				CLANG_WARN_ENUM_CONVERSION = YES;
				CLANG_WARN_INT_CONVERSION = YES;
				CLANG_WARN_OBJC_ROOT_CLASS = YES_ERROR;
				CLANG_WARN__DUPLICATE_METHOD_MATCH = YES;
				"CODE_SIGN_IDENTITY[sdk=iphoneos*]" = "iPhone Developer";
				COPY_PHASE_STRIP = YES;
				ENABLE_NS_ASSERTIONS = NO;
				GCC_C_LANGUAGE_STANDARD = gnu99;
				GCC_WARN_64_TO_32_BIT_CONVERSION = YES;
				GCC_WARN_ABOUT_RETURN_TYPE = YES_ERROR;
				GCC_WARN_UNDECLARED_SELECTOR = YES;
				GCC_WARN_UNINITIALIZED_AUTOS = YES_AGGRESSIVE;
				GCC_WARN_UNUSED_FUNCTION = YES;
				GCC_WARN_UNUSED_VARIABLE = YES;
				IPHONEOS_DEPLOYMENT_TARGET = 7.1;
				SDKROOT = iphoneos;
				TARGETED_DEVICE_FAMILY = "1,2";
				VALIDATE_PRODUCT = YES;
			};
			name = Release;
		};
		15C39AD519BEFE9F00985A9F /* Debug */ = {
			isa = XCBuildConfiguration;
			buildSettings = {
				ASSETCATALOG_COMPILER_APPICON_NAME = AppIcon;
				ASSETCATALOG_COMPILER_LAUNCHIMAGE_NAME = LaunchImage;
				CODE_SIGN_IDENTITY = "iPhone Developer";
				GCC_PRECOMPILE_PREFIX_HEADER = YES;
				GCC_PREFIX_HEADER = "PostSample/PostSample-Prefix.pch";
				HEADER_SEARCH_PATHS = (
					"$(inherited)",
					/Applications/Xcode.app/Contents/Developer/Toolchains/XcodeDefault.xctoolchain/usr/include,
					"$(PROJECT_DIR)/../../OKSdk/**",
				);
				INFOPLIST_FILE = "PostSample/PostSample-Info.plist";
				IPHONEOS_DEPLOYMENT_TARGET = 6.0;
				OTHER_LDFLAGS = "-all_load";
				PRODUCT_NAME = "$(TARGET_NAME)";
				WRAPPER_EXTENSION = app;
			};
			name = Debug;
		};
		15C39AD619BEFE9F00985A9F /* Release */ = {
			isa = XCBuildConfiguration;
			buildSettings = {
				ASSETCATALOG_COMPILER_APPICON_NAME = AppIcon;
				ASSETCATALOG_COMPILER_LAUNCHIMAGE_NAME = LaunchImage;
				CODE_SIGN_IDENTITY = "iPhone Distribution";
				GCC_PRECOMPILE_PREFIX_HEADER = YES;
				GCC_PREFIX_HEADER = "PostSample/PostSample-Prefix.pch";
				HEADER_SEARCH_PATHS = (
					"$(inherited)",
					/Applications/Xcode.app/Contents/Developer/Toolchains/XcodeDefault.xctoolchain/usr/include,
					"$(PROJECT_DIR)/../../OKSdk/**",
				);
				INFOPLIST_FILE = "PostSample/PostSample-Info.plist";
				IPHONEOS_DEPLOYMENT_TARGET = 6.0;
				OTHER_LDFLAGS = "-all_load";
				PRODUCT_NAME = "$(TARGET_NAME)";
				WRAPPER_EXTENSION = app;
			};
			name = Release;
		};
/* End XCBuildConfiguration section */

/* Begin XCConfigurationList section */
		15C39AA319BEFE9F00985A9F /* Build configuration list for PBXProject "PostSample" */ = {
			isa = XCConfigurationList;
			buildConfigurations = (
				15C39AD219BEFE9F00985A9F /* Debug */,
				15C39AD319BEFE9F00985A9F /* Release */,
			);
			defaultConfigurationIsVisible = 0;
			defaultConfigurationName = Release;
		};
		15C39AD419BEFE9F00985A9F /* Build configuration list for PBXNativeTarget "PostSample" */ = {
			isa = XCConfigurationList;
			buildConfigurations = (
				15C39AD519BEFE9F00985A9F /* Debug */,
				15C39AD619BEFE9F00985A9F /* Release */,
			);
			defaultConfigurationIsVisible = 0;
			defaultConfigurationName = Release;
		};
/* End XCConfigurationList section */
	};
	rootObject = 15C39AA019BEFE9F00985A9F /* Project object */;
}
