// !$*UTF8*$!
{
	archiveVersion = 1;
	classes = {
	};
	objectVersion = 46;
	objects = {

/* Begin PBXBuildFile section */
		15C39A5A19BEF03C00985A9F /* libOKSdk.a in Frameworks */ = {isa = PBXBuildFile; fileRef = 15C39A5919BEF02000985A9F /* libOKSdk.a */; };
		6C9E82D486D61FA484D0FD8B /* FriendObject.m in Sources */ = {isa = PBXBuildFile; fileRef = 6C9E87C72CE3027EB8969C89 /* FriendObject.m */; };
		6C9E88C54AD490181A4A622E /* ImageLoadingOperation.m in Sources */ = {isa = PBXBuildFile; fileRef = 6C9E81D424A8E5A33CBA05F2 /* ImageLoadingOperation.m */; };
		6C9E8ABE8F308F4094C3DA8D /* LoggedUserObject.m in Sources */ = {isa = PBXBuildFile; fileRef = 6C9E88F6BDCAC47F4AB7E5FB /* LoggedUserObject.m */; };
		6C9E8C2117E4BB3D06CD0C79 /* ServerObject.m in Sources */ = {isa = PBXBuildFile; fileRef = 6C9E8830B1919EA5184FD4F3 /* ServerObject.m */; };
		6C9E8DA20E6083640818ABBE /* UserObject.m in Sources */ = {isa = PBXBuildFile; fileRef = 6C9E8DAE1EF1E0B8199C2BB5 /* UserObject.m */; };
		EBE614631897A97B00CA76A4 /* Foundation.framework in Frameworks */ = {isa = PBXBuildFile; fileRef = EBE614621897A97B00CA76A4 /* Foundation.framework */; };
		EBE614651897A97B00CA76A4 /* CoreGraphics.framework in Frameworks */ = {isa = PBXBuildFile; fileRef = EBE614641897A97B00CA76A4 /* CoreGraphics.framework */; };
		EBE614671897A97B00CA76A4 /* UIKit.framework in Frameworks */ = {isa = PBXBuildFile; fileRef = EBE614661897A97B00CA76A4 /* UIKit.framework */; };
		EBE6146D1897A97B00CA76A4 /* InfoPlist.strings in Resources */ = {isa = PBXBuildFile; fileRef = EBE6146B1897A97B00CA76A4 /* InfoPlist.strings */; };
		EBE6146F1897A97B00CA76A4 /* main.m in Sources */ = {isa = PBXBuildFile; fileRef = EBE6146E1897A97B00CA76A4 /* main.m */; };
		EBE614731897A97B00CA76A4 /* AppDelegate.m in Sources */ = {isa = PBXBuildFile; fileRef = EBE614721897A97B00CA76A4 /* AppDelegate.m */; };
		EBE614761897A97B00CA76A4 /* Main.storyboard in Resources */ = {isa = PBXBuildFile; fileRef = EBE614741897A97B00CA76A4 /* Main.storyboard */; };
		EBE614791897A97B00CA76A4 /* FriendsViewController.m in Sources */ = {isa = PBXBuildFile; fileRef = EBE614781897A97B00CA76A4 /* FriendsViewController.m */; };
		EBE6147E1897A97B00CA76A4 /* Images.xcassets in Resources */ = {isa = PBXBuildFile; fileRef = EBE6147D1897A97B00CA76A4 /* Images.xcassets */; };
/* End PBXBuildFile section */

/* Begin PBXContainerItemProxy section */
		15C39A5819BEF02000985A9F /* PBXContainerItemProxy */ = {
			isa = PBXContainerItemProxy;
			containerPortal = 15C39A5419BEF02000985A9F /* OKSdk.xcodeproj */;
			proxyType = 2;
			remoteGlobalIDString = 15C39A1419BDCDC600985A9F;
			remoteInfo = OKSdk;
		};
/* End PBXContainerItemProxy section */

/* Begin PBXFileReference section */
		15C39A5419BEF02000985A9F /* OKSdk.xcodeproj */ = {isa = PBXFileReference; lastKnownFileType = "wrapper.pb-project"; name = OKSdk.xcodeproj; path = ../../OKSdk/OKSdk.xcodeproj; sourceTree = "<group>"; };
		6C9E811A9FEE6FA70C745E02 /* ServerObject.h */ = {isa = PBXFileReference; fileEncoding = 4; lastKnownFileType = sourcecode.c.h; path = ServerObject.h; sourceTree = "<group>"; };
		6C9E81D424A8E5A33CBA05F2 /* ImageLoadingOperation.m */ = {isa = PBXFileReference; fileEncoding = 4; lastKnownFileType = sourcecode.c.objc; path = ImageLoadingOperation.m; sourceTree = "<group>"; };
		6C9E82E84B1E83915238F0A5 /* LoggedUserObject.h */ = {isa = PBXFileReference; fileEncoding = 4; lastKnownFileType = sourcecode.c.h; path = LoggedUserObject.h; sourceTree = "<group>"; };
		6C9E834E8EB4F631132937ED /* ImageLoadingOperation.h */ = {isa = PBXFileReference; fileEncoding = 4; lastKnownFileType = sourcecode.c.h; path = ImageLoadingOperation.h; sourceTree = "<group>"; };
		6C9E87C72CE3027EB8969C89 /* FriendObject.m */ = {isa = PBXFileReference; fileEncoding = 4; lastKnownFileType = sourcecode.c.objc; path = FriendObject.m; sourceTree = "<group>"; };
		6C9E8830B1919EA5184FD4F3 /* ServerObject.m */ = {isa = PBXFileReference; fileEncoding = 4; lastKnownFileType = sourcecode.c.objc; path = ServerObject.m; sourceTree = "<group>"; };
		6C9E88F6BDCAC47F4AB7E5FB /* LoggedUserObject.m */ = {isa = PBXFileReference; fileEncoding = 4; lastKnownFileType = sourcecode.c.objc; path = LoggedUserObject.m; sourceTree = "<group>"; };
		6C9E89A792762A35335B1A27 /* FriendObject.h */ = {isa = PBXFileReference; fileEncoding = 4; lastKnownFileType = sourcecode.c.h; path = FriendObject.h; sourceTree = "<group>"; };
		6C9E8D7F47D767891F90D447 /* UserObject.h */ = {isa = PBXFileReference; fileEncoding = 4; lastKnownFileType = sourcecode.c.h; path = UserObject.h; sourceTree = "<group>"; };
		6C9E8DAE1EF1E0B8199C2BB5 /* UserObject.m */ = {isa = PBXFileReference; fileEncoding = 4; lastKnownFileType = sourcecode.c.objc; path = UserObject.m; sourceTree = "<group>"; };
		EBE6145F1897A97B00CA76A4 /* Odnoklassniki iOS example.app */ = {isa = PBXFileReference; explicitFileType = wrapper.application; includeInIndex = 0; path = "Odnoklassniki iOS example.app"; sourceTree = BUILT_PRODUCTS_DIR; };
		EBE614621897A97B00CA76A4 /* Foundation.framework */ = {isa = PBXFileReference; lastKnownFileType = wrapper.framework; name = Foundation.framework; path = System/Library/Frameworks/Foundation.framework; sourceTree = SDKROOT; };
		EBE614641897A97B00CA76A4 /* CoreGraphics.framework */ = {isa = PBXFileReference; lastKnownFileType = wrapper.framework; name = CoreGraphics.framework; path = System/Library/Frameworks/CoreGraphics.framework; sourceTree = SDKROOT; };
		EBE614661897A97B00CA76A4 /* UIKit.framework */ = {isa = PBXFileReference; lastKnownFileType = wrapper.framework; name = UIKit.framework; path = System/Library/Frameworks/UIKit.framework; sourceTree = SDKROOT; };
		EBE6146A1897A97B00CA76A4 /* Odnoklassniki iOS example-Info.plist */ = {isa = PBXFileReference; lastKnownFileType = text.plist.xml; path = "Odnoklassniki iOS example-Info.plist"; sourceTree = "<group>"; };
		EBE6146E1897A97B00CA76A4 /* main.m */ = {isa = PBXFileReference; lastKnownFileType = sourcecode.c.objc; path = main.m; sourceTree = "<group>"; };
		EBE614701897A97B00CA76A4 /* Odnoklassniki iOS example-Prefix.pch */ = {isa = PBXFileReference; lastKnownFileType = sourcecode.c.h; path = "Odnoklassniki iOS example-Prefix.pch"; sourceTree = "<group>"; };
		EBE614711897A97B00CA76A4 /* AppDelegate.h */ = {isa = PBXFileReference; lastKnownFileType = sourcecode.c.h; path = AppDelegate.h; sourceTree = "<group>"; };
		EBE614721897A97B00CA76A4 /* AppDelegate.m */ = {isa = PBXFileReference; lastKnownFileType = sourcecode.c.objc; path = AppDelegate.m; sourceTree = "<group>"; };
		EBE614751897A97B00CA76A4 /* Base */ = {isa = PBXFileReference; lastKnownFileType = file.storyboard; name = Base; path = Base.lproj/Main.storyboard; sourceTree = "<group>"; };
		EBE614771897A97B00CA76A4 /* FriendsViewController.h */ = {isa = PBXFileReference; lastKnownFileType = sourcecode.c.h; path = FriendsViewController.h; sourceTree = "<group>"; };
		EBE614781897A97B00CA76A4 /* FriendsViewController.m */ = {isa = PBXFileReference; lastKnownFileType = sourcecode.c.objc; path = FriendsViewController.m; sourceTree = "<group>"; };
		EBE6147D1897A97B00CA76A4 /* Images.xcassets */ = {isa = PBXFileReference; lastKnownFileType = folder.assetcatalog; path = Images.xcassets; sourceTree = "<group>"; };
		EBE6149A1897A9D700CA76A4 /* ru */ = {isa = PBXFileReference; lastKnownFileType = text.plist.strings; name = ru; path = ru.lproj/Main.strings; sourceTree = "<group>"; };
		EBE6149B1897A9D700CA76A4 /* ru */ = {isa = PBXFileReference; lastKnownFileType = text.plist.strings; name = ru; path = ru.lproj/InfoPlist.strings; sourceTree = "<group>"; };
		EBE6149D1897AA0500CA76A4 /* en */ = {isa = PBXFileReference; lastKnownFileType = text.plist.strings; name = en; path = en.lproj/Main.strings; sourceTree = "<group>"; };
		EBE6149E1897AA0500CA76A4 /* en */ = {isa = PBXFileReference; lastKnownFileType = text.plist.strings; name = en; path = en.lproj/InfoPlist.strings; sourceTree = "<group>"; };
/* End PBXFileReference section */

/* Begin PBXFrameworksBuildPhase section */
		EBE6145C1897A97B00CA76A4 /* Frameworks */ = {
			isa = PBXFrameworksBuildPhase;
			buildActionMask = 2147483647;
			files = (
				15C39A5A19BEF03C00985A9F /* libOKSdk.a in Frameworks */,
				EBE614651897A97B00CA76A4 /* CoreGraphics.framework in Frameworks */,
				EBE614671897A97B00CA76A4 /* UIKit.framework in Frameworks */,
				EBE614631897A97B00CA76A4 /* Foundation.framework in Frameworks */,
			);
			runOnlyForDeploymentPostprocessing = 0;
		};
/* End PBXFrameworksBuildPhase section */

/* Begin PBXGroup section */
		15C39A5519BEF02000985A9F /* Products */ = {
			isa = PBXGroup;
			children = (
				15C39A5919BEF02000985A9F /* libOKSdk.a */,
			);
			name = Products;
			sourceTree = "<group>";
		};
		6C9E88366E0ADAAC69F346D9 /* Model */ = {
			isa = PBXGroup;
			children = (
				6C9E89A792762A35335B1A27 /* FriendObject.h */,
				6C9E87C72CE3027EB8969C89 /* FriendObject.m */,
				6C9E8DAE1EF1E0B8199C2BB5 /* UserObject.m */,
				6C9E8D7F47D767891F90D447 /* UserObject.h */,
				6C9E8830B1919EA5184FD4F3 /* ServerObject.m */,
				6C9E811A9FEE6FA70C745E02 /* ServerObject.h */,
				6C9E88F6BDCAC47F4AB7E5FB /* LoggedUserObject.m */,
				6C9E82E84B1E83915238F0A5 /* LoggedUserObject.h */,
			);
			path = Model;
			sourceTree = "<group>";
		};
		EBE614561897A97B00CA76A4 = {
			isa = PBXGroup;
			children = (
				15C39A5419BEF02000985A9F /* OKSdk.xcodeproj */,
				EBE614681897A97B00CA76A4 /* Odnoklassniki iOS example */,
				EBE614611897A97B00CA76A4 /* Frameworks */,
				EBE614601897A97B00CA76A4 /* Products */,
			);
			sourceTree = "<group>";
		};
		EBE614601897A97B00CA76A4 /* Products */ = {
			isa = PBXGroup;
			children = (
				EBE6145F1897A97B00CA76A4 /* Odnoklassniki iOS example.app */,
			);
			name = Products;
			sourceTree = "<group>";
		};
		EBE614611897A97B00CA76A4 /* Frameworks */ = {
			isa = PBXGroup;
			children = (
				EBE614621897A97B00CA76A4 /* Foundation.framework */,
				EBE614641897A97B00CA76A4 /* CoreGraphics.framework */,
				EBE614661897A97B00CA76A4 /* UIKit.framework */,
			);
			name = Frameworks;
			sourceTree = "<group>";
		};
		EBE614681897A97B00CA76A4 /* Odnoklassniki iOS example */ = {
			isa = PBXGroup;
			children = (
				EBE614711897A97B00CA76A4 /* AppDelegate.h */,
				EBE614721897A97B00CA76A4 /* AppDelegate.m */,
				EBE614741897A97B00CA76A4 /* Main.storyboard */,
				EBE614771897A97B00CA76A4 /* FriendsViewController.h */,
				EBE614781897A97B00CA76A4 /* FriendsViewController.m */,
				EBE6147D1897A97B00CA76A4 /* Images.xcassets */,
				EBE614691897A97B00CA76A4 /* Supporting Files */,
				6C9E88366E0ADAAC69F346D9 /* Model */,
				6C9E81D424A8E5A33CBA05F2 /* ImageLoadingOperation.m */,
				6C9E834E8EB4F631132937ED /* ImageLoadingOperation.h */,
			);
			path = "Odnoklassniki iOS example";
			sourceTree = "<group>";
		};
		EBE614691897A97B00CA76A4 /* Supporting Files */ = {
			isa = PBXGroup;
			children = (
				EBE6146A1897A97B00CA76A4 /* Odnoklassniki iOS example-Info.plist */,
				EBE6146B1897A97B00CA76A4 /* InfoPlist.strings */,
				EBE6146E1897A97B00CA76A4 /* main.m */,
				EBE614701897A97B00CA76A4 /* Odnoklassniki iOS example-Prefix.pch */,
			);
			name = "Supporting Files";
			sourceTree = "<group>";
		};
/* End PBXGroup section */

/* Begin PBXNativeTarget section */
		EBE6145E1897A97B00CA76A4 /* Odnoklassniki iOS example */ = {
			isa = PBXNativeTarget;
			buildConfigurationList = EBE614941897A97B00CA76A4 /* Build configuration list for PBXNativeTarget "Odnoklassniki iOS example" */;
			buildPhases = (
				EBE6145B1897A97B00CA76A4 /* Sources */,
				EBE6145C1897A97B00CA76A4 /* Frameworks */,
				EBE6145D1897A97B00CA76A4 /* Resources */,
			);
			buildRules = (
			);
			dependencies = (
			);
			name = "Odnoklassniki iOS example";
			productName = "Odnoklassniki iOS example";
			productReference = EBE6145F1897A97B00CA76A4 /* Odnoklassniki iOS example.app */;
			productType = "com.apple.product-type.application";
		};
/* End PBXNativeTarget section */

/* Begin PBXProject section */
		EBE614571897A97B00CA76A4 /* Project object */ = {
			isa = PBXProject;
			attributes = {
				CLASSPREFIX = AL;
				LastUpgradeCheck = 0510;
				ORGANIZATIONNAME = "Артем Лобачев";
			};
			buildConfigurationList = EBE6145A1897A97B00CA76A4 /* Build configuration list for PBXProject "Odnoklassniki iOS example" */;
			compatibilityVersion = "Xcode 3.2";
			developmentRegion = English;
			hasScannedForEncodings = 0;
			knownRegions = (
				en,
				Base,
				ru,
			);
			mainGroup = EBE614561897A97B00CA76A4;
			productRefGroup = EBE614601897A97B00CA76A4 /* Products */;
			projectDirPath = "";
			projectReferences = (
				{
					ProductGroup = 15C39A5519BEF02000985A9F /* Products */;
					ProjectRef = 15C39A5419BEF02000985A9F /* OKSdk.xcodeproj */;
				},
			);
			projectRoot = "";
			targets = (
				EBE6145E1897A97B00CA76A4 /* Odnoklassniki iOS example */,
			);
		};
/* End PBXProject section */

/* Begin PBXReferenceProxy section */
		15C39A5919BEF02000985A9F /* libOKSdk.a */ = {
			isa = PBXReferenceProxy;
			fileType = archive.ar;
			path = libOKSdk.a;
			remoteRef = 15C39A5819BEF02000985A9F /* PBXContainerItemProxy */;
			sourceTree = BUILT_PRODUCTS_DIR;
		};
/* End PBXReferenceProxy section */

/* Begin PBXResourcesBuildPhase section */
		EBE6145D1897A97B00CA76A4 /* Resources */ = {
			isa = PBXResourcesBuildPhase;
			buildActionMask = 2147483647;
			files = (
				EBE6147E1897A97B00CA76A4 /* Images.xcassets in Resources */,
				EBE6146D1897A97B00CA76A4 /* InfoPlist.strings in Resources */,
				EBE614761897A97B00CA76A4 /* Main.storyboard in Resources */,
			);
			runOnlyForDeploymentPostprocessing = 0;
		};
/* End PBXResourcesBuildPhase section */

/* Begin PBXSourcesBuildPhase section */
		EBE6145B1897A97B00CA76A4 /* Sources */ = {
			isa = PBXSourcesBuildPhase;
			buildActionMask = 2147483647;
			files = (
				EBE6146F1897A97B00CA76A4 /* main.m in Sources */,
				EBE614791897A97B00CA76A4 /* FriendsViewController.m in Sources */,
				EBE614731897A97B00CA76A4 /* AppDelegate.m in Sources */,
				6C9E82D486D61FA484D0FD8B /* FriendObject.m in Sources */,
				6C9E8DA20E6083640818ABBE /* UserObject.m in Sources */,
				6C9E8C2117E4BB3D06CD0C79 /* ServerObject.m in Sources */,
				6C9E8ABE8F308F4094C3DA8D /* LoggedUserObject.m in Sources */,
				6C9E88C54AD490181A4A622E /* ImageLoadingOperation.m in Sources */,
			);
			runOnlyForDeploymentPostprocessing = 0;
		};
/* End PBXSourcesBuildPhase section */

/* Begin PBXVariantGroup section */
		EBE6146B1897A97B00CA76A4 /* InfoPlist.strings */ = {
			isa = PBXVariantGroup;
			children = (
				EBE6149B1897A9D700CA76A4 /* ru */,
				EBE6149E1897AA0500CA76A4 /* en */,
			);
			name = InfoPlist.strings;
			sourceTree = "<group>";
		};
		EBE614741897A97B00CA76A4 /* Main.storyboard */ = {
			isa = PBXVariantGroup;
			children = (
				EBE614751897A97B00CA76A4 /* Base */,
				EBE6149A1897A9D700CA76A4 /* ru */,
				EBE6149D1897AA0500CA76A4 /* en */,
			);
			name = Main.storyboard;
			sourceTree = "<group>";
		};
/* End PBXVariantGroup section */

/* Begin XCBuildConfiguration section */
		EBE614921897A97B00CA76A4 /* Debug */ = {
			isa = XCBuildConfiguration;
			buildSettings = {
				ALWAYS_SEARCH_USER_PATHS = NO;
				CLANG_CXX_LANGUAGE_STANDARD = "gnu++0x";
				CLANG_CXX_LIBRARY = "libc++";
				CLANG_ENABLE_MODULES = YES;
				CLANG_ENABLE_OBJC_ARC = YES;
				CLANG_WARN_BOOL_CONVERSION = YES;
				CLANG_WARN_CONSTANT_CONVERSION = YES;
				CLANG_WARN_DIRECT_OBJC_ISA_USAGE = YES_ERROR;
				CLANG_WARN_EMPTY_BODY = YES;
				CLANG_WARN_ENUM_CONVERSION = YES;
				CLANG_WARN_INT_CONVERSION = YES;
				CLANG_WARN_OBJC_ROOT_CLASS = YES_ERROR;
				CLANG_WARN__DUPLICATE_METHOD_MATCH = YES;
				"CODE_SIGN_IDENTITY[sdk=iphoneos*]" = "iPhone Developer";
				COPY_PHASE_STRIP = NO;
				GCC_C_LANGUAGE_STANDARD = gnu99;
				GCC_DYNAMIC_NO_PIC = NO;
				GCC_OPTIMIZATION_LEVEL = 0;
				GCC_PREPROCESSOR_DEFINITIONS = (
					"DEBUG=1",
					"$(inherited)",
				);
				GCC_SYMBOLS_PRIVATE_EXTERN = NO;
				GCC_WARN_64_TO_32_BIT_CONVERSION = YES;
				GCC_WARN_ABOUT_RETURN_TYPE = YES_ERROR;
				GCC_WARN_UNDECLARED_SELECTOR = YES;
				GCC_WARN_UNINITIALIZED_AUTOS = YES;
				GCC_WARN_UNUSED_FUNCTION = YES;
				GCC_WARN_UNUSED_VARIABLE = YES;
				HEADER_SEARCH_PATHS = (
					"$(inherited)",
					/Applications/Xcode.app/Contents/Developer/Toolchains/XcodeDefault.xctoolchain/usr/include,
					"$(PROJECT_DIR)/../../OKSdk/**",
				);
				IPHONEOS_DEPLOYMENT_TARGET = 6.1;
				ONLY_ACTIVE_ARCH = YES;
				OTHER_LDFLAGS = "-all_load";
				SDKROOT = iphoneos;
			};
			name = Debug;
		};
		EBE614931897A97B00CA76A4 /* Release */ = {
			isa = XCBuildConfiguration;
			buildSettings = {
				ALWAYS_SEARCH_USER_PATHS = NO;
				CLANG_CXX_LANGUAGE_STANDARD = "gnu++0x";
				CLANG_CXX_LIBRARY = "libc++";
				CLANG_ENABLE_MODULES = YES;
				CLANG_ENABLE_OBJC_ARC = YES;
				CLANG_WARN_BOOL_CONVERSION = YES;
				CLANG_WARN_CONSTANT_CONVERSION = YES;
				CLANG_WARN_DIRECT_OBJC_ISA_USAGE = YES_ERROR;
				CLANG_WARN_EMPTY_BODY = YES;
				CLANG_WARN_ENUM_CONVERSION = YES;
				CLANG_WARN_INT_CONVERSION = YES;
				CLANG_WARN_OBJC_ROOT_CLASS = YES_ERROR;
				CLANG_WARN__DUPLICATE_METHOD_MATCH = YES;
				"CODE_SIGN_IDENTITY[sdk=iphoneos*]" = "iPhone Developer";
				COPY_PHASE_STRIP = YES;
				ENABLE_NS_ASSERTIONS = NO;
				GCC_C_LANGUAGE_STANDARD = gnu99;
				GCC_WARN_64_TO_32_BIT_CONVERSION = YES;
				GCC_WARN_ABOUT_RETURN_TYPE = YES_ERROR;
				GCC_WARN_UNDECLARED_SELECTOR = YES;
				GCC_WARN_UNINITIALIZED_AUTOS = YES;
				GCC_WARN_UNUSED_FUNCTION = YES;
				GCC_WARN_UNUSED_VARIABLE = YES;
				HEADER_SEARCH_PATHS = (
					"$(inherited)",
					/Applications/Xcode.app/Contents/Developer/Toolchains/XcodeDefault.xctoolchain/usr/include,
					"$(PROJECT_DIR)/../../OKSdk/**",
				);
				IPHONEOS_DEPLOYMENT_TARGET = 6.1;
				OTHER_LDFLAGS = "-all_load";
				SDKROOT = iphoneos;
				VALIDATE_PRODUCT = YES;
			};
			name = Release;
		};
		EBE614951897A97B00CA76A4 /* Debug */ = {
			isa = XCBuildConfiguration;
			buildSettings = {
				ASSETCATALOG_COMPILER_APPICON_NAME = AppIcon;
				ASSETCATALOG_COMPILER_LAUNCHIMAGE_NAME = LaunchImage;
				GCC_PRECOMPILE_PREFIX_HEADER = YES;
				GCC_PREFIX_HEADER = "Odnoklassniki iOS example/Odnoklassniki iOS example-Prefix.pch";
				INFOPLIST_FILE = "Odnoklassniki iOS example/Odnoklassniki iOS example-Info.plist";
				IPHONEOS_DEPLOYMENT_TARGET = 7.1;
				PRODUCT_NAME = "$(TARGET_NAME)";
				TARGETED_DEVICE_FAMILY = 1;
				USER_HEADER_SEARCH_PATHS = "\"${PROJECT_DIR}/../../OKSdk\"/**";
				WRAPPER_EXTENSION = app;
			};
			name = Debug;
		};
		EBE614961897A97B00CA76A4 /* Release */ = {
			isa = XCBuildConfiguration;
			buildSettings = {
				ASSETCATALOG_COMPILER_APPICON_NAME = AppIcon;
				ASSETCATALOG_COMPILER_LAUNCHIMAGE_NAME = LaunchImage;
				GCC_PRECOMPILE_PREFIX_HEADER = YES;
				GCC_PREFIX_HEADER = "Odnoklassniki iOS example/Odnoklassniki iOS example-Prefix.pch";
				INFOPLIST_FILE = "Odnoklassniki iOS example/Odnoklassniki iOS example-Info.plist";
				IPHONEOS_DEPLOYMENT_TARGET = 7.1;
				PRODUCT_NAME = "$(TARGET_NAME)";
				TARGETED_DEVICE_FAMILY = 1;
				USER_HEADER_SEARCH_PATHS = "\"${PROJECT_DIR}/../../OKSdk\"/**";
				WRAPPER_EXTENSION = app;
			};
			name = Release;
		};
/* End XCBuildConfiguration section */

/* Begin XCConfigurationList section */
		EBE6145A1897A97B00CA76A4 /* Build configuration list for PBXProject "Odnoklassniki iOS example" */ = {
			isa = XCConfigurationList;
			buildConfigurations = (
				EBE614921897A97B00CA76A4 /* Debug */,
				EBE614931897A97B00CA76A4 /* Release */,
			);
			defaultConfigurationIsVisible = 0;
			defaultConfigurationName = Debug;
		};
		EBE614941897A97B00CA76A4 /* Build configuration list for PBXNativeTarget "Odnoklassniki iOS example" */ = {
			isa = XCConfigurationList;
			buildConfigurations = (
				EBE614951897A97B00CA76A4 /* Debug */,
				EBE614961897A97B00CA76A4 /* Release */,
			);
			defaultConfigurationIsVisible = 0;
			defaultConfigurationName = Debug;
		};
/* End XCConfigurationList section */
	};
	rootObject = EBE614571897A97B00CA76A4 /* Project object */;
}
